
Microsoft Visual Studio Solution File, Format Version 12.00
# Visual Studio Version 16
VisualStudioVersion = 16.0.30611.23
MinimumVisualStudioVersion = 10.0.40219.1
Project("{9A19103F-16F7-4668-BE54-9A1E7A4F7556}") = "F20_BookClub", "F20_BookClub.csproj", "{DCB46E84-54AE-43E0-83B0-479A63B2347D}"
EndProject
Project("{FAE04EC0-301F-11D3-BF4B-00C04F79EFBC}") = "F20_BookClubTest", "F20_BookClubTest\F20_BookClubTest.csproj", "{55648962-5D2E-492E-A24F-ACD8F74D94B7}"
EndProject
Global
	GlobalSection(SolutionConfigurationPlatforms) = preSolution
		Debug|Any CPU = Debug|Any CPU
		Release|Any CPU = Release|Any CPU
	EndGlobalSection
	GlobalSection(ProjectConfigurationPlatforms) = postSolution
		{DCB46E84-54AE-43E0-83B0-479A63B2347D}.Debug|Any CPU.ActiveCfg = Debug|Any CPU
		{DCB46E84-54AE-43E0-83B0-479A63B2347D}.Debug|Any CPU.Build.0 = Debug|Any CPU
		{DCB46E84-54AE-43E0-83B0-479A63B2347D}.Release|Any CPU.ActiveCfg = Release|Any CPU
		{DCB46E84-54AE-43E0-83B0-479A63B2347D}.Release|Any CPU.Build.0 = Release|Any CPU
		{55648962-5D2E-492E-A24F-ACD8F74D94B7}.Debug|Any CPU.ActiveCfg = Debug|Any CPU
		{55648962-5D2E-492E-A24F-ACD8F74D94B7}.Debug|Any CPU.Build.0 = Debug|Any CPU
		{55648962-5D2E-492E-A24F-ACD8F74D94B7}.Release|Any CPU.ActiveCfg = Release|Any CPU
		{55648962-5D2E-492E-A24F-ACD8F74D94B7}.Release|Any CPU.Build.0 = Release|Any CPU
	EndGlobalSection
	GlobalSection(SolutionProperties) = preSolution
		HideSolutionNode = FALSE
	EndGlobalSection
	GlobalSection(ExtensibilityGlobals) = postSolution
		SolutionGuid = {2D633E9D-EE79-4F19-90ED-3A82359A0DFA}
	EndGlobalSection
EndGlobal
